PODS:
  - ali_ai_call (0.0.1):
    - AliVCSDK_ARTC (~> 6.11.3)
    - ARTCAICallKit (~> 1.2.0)
    - Flutter
  - AliVCSDK_ARTC (6.11.3):
    - AliVCSDK_ARTC/Default (= 6.11.3)
  - AliVCSDK_ARTC/Default (6.11.3)
  - ARTCAICallKit (1.2.0)
  - Flutter (1.0.0)
  - shared_preferences_foundation (0.0.1):
    - Flutter
    - FlutterMacOS

DEPENDENCIES:
  - ali_ai_call (from `.symlinks/plugins/ali_ai_call/ios`)
  - AliVCSDK_ARTC (~> 6.11.3)
  - ARTCAICallKit (~> 1.2.0)
  - Flutter (from `Flutter`)
  - shared_preferences_foundation (from `.symlinks/plugins/shared_preferences_foundation/darwin`)

SPEC REPOS:
  trunk:
    - AliVCSDK_ARTC
    - ARTCAICallKit

EXTERNAL SOURCES:
  ali_ai_call:
    :path: ".symlinks/plugins/ali_ai_call/ios"
  Flutter:
    :path: Flutter
  shared_preferences_foundation:
    :path: ".symlinks/plugins/shared_preferences_foundation/darwin"

SPEC CHECKSUMS:
  ali_ai_call: 63783662ebaf1150de99b502a7cef9c626151c81
  AliVCSDK_ARTC: bfa6d03e44c52af1a46c9c1b681a22edca36ec01
  ARTCAICallKit: 0206b0c0904163e166a3a9b0c9003166dfe02c63
  Flutter: e0871f40cf51350855a761d2e70bf5af5b9b5de7
  shared_preferences_foundation: fcdcbc04712aee1108ac7fda236f363274528f78

PODFILE CHECKSUM: 35a24bdbb2ed05185c50527729f919d76ecce9d8

COCOAPODS: 1.16.2
